
Microsoft Visual Studio Solution File, Format Version 12.00
# Visual Studio Version 17
VisualStudioVersion = 17.5.33025.470
MinimumVisualStudioVersion = 10.0.40219.1
Project("{9A19103F-16F7-4668-BE54-9A1E7A4F7556}") = "Configuration.SourceGenerator", "src\Configuration.SourceGenerator\Configuration.SourceGenerator.csproj", "{863E78E9-9B14-4FC9-9739-F6FE6653F87F}"
EndProject
Project("{9A19103F-16F7-4668-BE54-9A1E7A4F7556}") = "Sample", "samples\Sample\Sample.csproj", "{A3B3CFC7-156E-49A3-8F4D-9AF5D0623D3C}"
EndProject
Global
	GlobalSection(SolutionConfigurationPlatforms) = preSolution
		Debug|Any CPU = Debug|Any CPU
		Release|Any CPU = Release|Any CPU
	EndGlobalSection
	GlobalSection(ProjectConfigurationPlatforms) = postSolution
		{863E78E9-9B14-4FC9-9739-F6FE6653F87F}.Debug|Any CPU.ActiveCfg = Debug|Any CPU
		{863E78E9-9B14-4FC9-9739-F6FE6653F87F}.Debug|Any CPU.Build.0 = Debug|Any CPU
		{863E78E9-9B14-4FC9-9739-F6FE6653F87F}.Release|Any CPU.ActiveCfg = Release|Any CPU
		{863E78E9-9B14-4FC9-9739-F6FE6653F87F}.Release|Any CPU.Build.0 = Release|Any CPU
		{A3B3CFC7-156E-49A3-8F4D-9AF5D0623D3C}.Debug|Any CPU.ActiveCfg = Debug|Any CPU
		{A3B3CFC7-156E-49A3-8F4D-9AF5D0623D3C}.Debug|Any CPU.Build.0 = Debug|Any CPU
		{A3B3CFC7-156E-49A3-8F4D-9AF5D0623D3C}.Release|Any CPU.ActiveCfg = Release|Any CPU
		{A3B3CFC7-156E-49A3-8F4D-9AF5D0623D3C}.Release|Any CPU.Build.0 = Release|Any CPU
	EndGlobalSection
	GlobalSection(SolutionProperties) = preSolution
		HideSolutionNode = FALSE
	EndGlobalSection
	GlobalSection(ExtensibilityGlobals) = postSolution
		SolutionGuid = {417CFB97-24CF-4D74-8B59-584D1D83CD23}
	EndGlobalSection
EndGlobal
